
Microsoft Visual Studio Solution File, Format Version 12.00
# Visual Studio Version 16
VisualStudioVersion = 16.0.30907.101
MinimumVisualStudioVersion = 10.0.40219.1
Project("{FAE04EC0-301F-11D3-BF4B-00C04F79EFBC}") = "WebApplication1", "WebApplication1\WebApplication1.csproj", "{6677202C-D27A-4AC0-B08F-9BE223DAFCFB}"
EndProject
Global
	GlobalSection(SolutionConfigurationPlatforms) = preSolution
		Debug|Any CPU = Debug|Any CPU
		Release|Any CPU = Release|Any CPU
	EndGlobalSection
	GlobalSection(ProjectConfigurationPlatforms) = postSolution
		{6677202C-D27A-4AC0-B08F-9BE223DAFCFB}.Debug|Any CPU.ActiveCfg = Debug|Any CPU
		{6677202C-D27A-4AC0-B08F-9BE223DAFCFB}.Debug|Any CPU.Build.0 = Debug|Any CPU
		{6677202C-D27A-4AC0-B08F-9BE223DAFCFB}.Release|Any CPU.ActiveCfg = Release|Any CPU
		{6677202C-D27A-4AC0-B08F-9BE223DAFCFB}.Release|Any CPU.Build.0 = Release|Any CPU
	EndGlobalSection
	GlobalSection(SolutionProperties) = preSolution
		HideSolutionNode = FALSE
	EndGlobalSection
	GlobalSection(ExtensibilityGlobals) = postSolution
		SolutionGuid = {10599C92-41A9-426D-9CC4-F6F7754BE413}
	EndGlobalSection
EndGlobal
